
Microsoft Visual Studio Solution File, Format Version 12.00
# Visual Studio Version 16
VisualStudioVersion = 16.0.30517.126
MinimumVisualStudioVersion = 10.0.40219.1
Project("{FAE04EC0-301F-11D3-BF4B-00C04F79EFBC}") = "DevPortfolio", "DevPortfolio.csproj", "{16452EA7-30FD-42D4-B65D-06AD1398AB93}"
EndProject
Global
	GlobalSection(SolutionConfigurationPlatforms) = preSolution
		Debug|Any CPU = Debug|Any CPU
		Release|Any CPU = Release|Any CPU
	EndGlobalSection
	GlobalSection(ProjectConfigurationPlatforms) = postSolution
		{16452EA7-30FD-42D4-B65D-06AD1398AB93}.Debug|Any CPU.ActiveCfg = Debug|Any CPU
		{16452EA7-30FD-42D4-B65D-06AD1398AB93}.Debug|Any CPU.Build.0 = Debug|Any CPU
		{16452EA7-30FD-42D4-B65D-06AD1398AB93}.Release|Any CPU.ActiveCfg = Release|Any CPU
		{16452EA7-30FD-42D4-B65D-06AD1398AB93}.Release|Any CPU.Build.0 = Release|Any CPU
	EndGlobalSection
	GlobalSection(SolutionProperties) = preSolution
		HideSolutionNode = FALSE
	EndGlobalSection
	GlobalSection(ExtensibilityGlobals) = postSolution
		SolutionGuid = {03F9BABD-5574-4968-9F75-519D1731780D}
	EndGlobalSection
EndGlobal
